github.com/Glyndor/authcore v1.11.8 h1:W3z/61d0vJzN60Gzn5GhfKQKYW6fDHjdw0fv+p6M+zE=
github.com/Glyndor/authcore v1.11.8/go.mod h1:ogLDwp4TBEGQbQ39dSrl1EJNbvafHyJfBy3kefUbnCA=
github.com/golang-jwt/jwt/v5 v5.3.1 h1:kYf81DTWFe7t+1VvL7eS+jKFVWaUnK9cB1qbwn63YCY=
github.com/golang-jwt/jwt/v5 v5.3.1/go.mod h1:fxCRLWMO43lRc8nhHWY6LGqRcf+1gQWArsqaEUEa5bE=
